
Microsoft Visual Studio Solution File, Format Version 12.00
# Visual Studio Version 16
VisualStudioVersion = 16.0.30413.136
MinimumVisualStudioVersion = 10.0.40219.1
Project("{FAE04EC0-301F-11D3-BF4B-00C04F79EFBC}") = "Madlibs_Goodwillie", "Madlibs_Goodwillie.csproj", "{DF538E0F-451F-4768-8C3F-0041EF384EB0}"
EndProject
Global
	GlobalSection(SolutionConfigurationPlatforms) = preSolution
		Debug|Any CPU = Debug|Any CPU
		Release|Any CPU = Release|Any CPU
	EndGlobalSection
	GlobalSection(ProjectConfigurationPlatforms) = postSolution
		{DF538E0F-451F-4768-8C3F-0041EF384EB0}.Debug|Any CPU.ActiveCfg = Debug|Any CPU
		{DF538E0F-451F-4768-8C3F-0041EF384EB0}.Debug|Any CPU.Build.0 = Debug|Any CPU
		{DF538E0F-451F-4768-8C3F-0041EF384EB0}.Release|Any CPU.ActiveCfg = Release|Any CPU
		{DF538E0F-451F-4768-8C3F-0041EF384EB0}.Release|Any CPU.Build.0 = Release|Any CPU
	EndGlobalSection
	GlobalSection(SolutionProperties) = preSolution
		HideSolutionNode = FALSE
	EndGlobalSection
	GlobalSection(ExtensibilityGlobals) = postSolution
		SolutionGuid = {B631BA63-3E9D-4353-A285-F43A0729ABAC}
	EndGlobalSection
EndGlobal
