
Microsoft Visual Studio Solution File, Format Version 12.00
# Visual Studio Version 16
VisualStudioVersion = 16.0.30413.136
MinimumVisualStudioVersion = 10.0.40219.1
Project("{FAE04EC0-301F-11D3-BF4B-00C04F79EFBC}") = "Personal_Testing", "Personal_Testing.csproj", "{2096B209-C2D6-4ADD-B691-7BDEBDF00172}"
EndProject
Global
	GlobalSection(SolutionConfigurationPlatforms) = preSolution
		Debug|Any CPU = Debug|Any CPU
		Release|Any CPU = Release|Any CPU
	EndGlobalSection
	GlobalSection(ProjectConfigurationPlatforms) = postSolution
		{2096B209-C2D6-4ADD-B691-7BDEBDF00172}.Debug|Any CPU.ActiveCfg = Debug|Any CPU
		{2096B209-C2D6-4ADD-B691-7BDEBDF00172}.Debug|Any CPU.Build.0 = Debug|Any CPU
		{2096B209-C2D6-4ADD-B691-7BDEBDF00172}.Release|Any CPU.ActiveCfg = Release|Any CPU
		{2096B209-C2D6-4ADD-B691-7BDEBDF00172}.Release|Any CPU.Build.0 = Release|Any CPU
	EndGlobalSection
	GlobalSection(SolutionProperties) = preSolution
		HideSolutionNode = FALSE
	EndGlobalSection
	GlobalSection(ExtensibilityGlobals) = postSolution
		SolutionGuid = {ADB168D2-D615-43EE-A6E7-4415DE768ACA}
	EndGlobalSection
EndGlobal
