
Microsoft Visual Studio Solution File, Format Version 12.00
# Visual Studio Version 16
VisualStudioVersion = 16.0.30413.136
MinimumVisualStudioVersion = 10.0.40219.1
Project("{FAE04EC0-301F-11D3-BF4B-00C04F79EFBC}") = "BugSquash_Goodwillie", "BugSquash_Goodwillie.csproj", "{5F699769-D75A-4ABF-B853-B1B765ED81C0}"
EndProject
Global
	GlobalSection(SolutionConfigurationPlatforms) = preSolution
		Debug|Any CPU = Debug|Any CPU
		Release|Any CPU = Release|Any CPU
	EndGlobalSection
	GlobalSection(ProjectConfigurationPlatforms) = postSolution
		{5F699769-D75A-4ABF-B853-B1B765ED81C0}.Debug|Any CPU.ActiveCfg = Debug|Any CPU
		{5F699769-D75A-4ABF-B853-B1B765ED81C0}.Debug|Any CPU.Build.0 = Debug|Any CPU
		{5F699769-D75A-4ABF-B853-B1B765ED81C0}.Release|Any CPU.ActiveCfg = Release|Any CPU
		{5F699769-D75A-4ABF-B853-B1B765ED81C0}.Release|Any CPU.Build.0 = Release|Any CPU
	EndGlobalSection
	GlobalSection(SolutionProperties) = preSolution
		HideSolutionNode = FALSE
	EndGlobalSection
	GlobalSection(ExtensibilityGlobals) = postSolution
		SolutionGuid = {0F06224A-B6E3-477C-A5F7-783619246801}
	EndGlobalSection
EndGlobal
