
Microsoft Visual Studio Solution File, Format Version 12.00
# Visual Studio Version 16
VisualStudioVersion = 16.0.30413.136
MinimumVisualStudioVersion = 10.0.40219.1
Project("{FAE04EC0-301F-11D3-BF4B-00C04F79EFBC}") = "PositiveOrNegative", "PositiveOrNegative.csproj", "{269CA889-C551-4774-ADD6-76DA25AE572A}"
EndProject
Global
	GlobalSection(SolutionConfigurationPlatforms) = preSolution
		Debug|Any CPU = Debug|Any CPU
		Release|Any CPU = Release|Any CPU
	EndGlobalSection
	GlobalSection(ProjectConfigurationPlatforms) = postSolution
		{269CA889-C551-4774-ADD6-76DA25AE572A}.Debug|Any CPU.ActiveCfg = Debug|Any CPU
		{269CA889-C551-4774-ADD6-76DA25AE572A}.Debug|Any CPU.Build.0 = Debug|Any CPU
		{269CA889-C551-4774-ADD6-76DA25AE572A}.Release|Any CPU.ActiveCfg = Release|Any CPU
		{269CA889-C551-4774-ADD6-76DA25AE572A}.Release|Any CPU.Build.0 = Release|Any CPU
	EndGlobalSection
	GlobalSection(SolutionProperties) = preSolution
		HideSolutionNode = FALSE
	EndGlobalSection
	GlobalSection(ExtensibilityGlobals) = postSolution
		SolutionGuid = {B6514CEF-D52B-4604-A49E-2F18F061D215}
	EndGlobalSection
EndGlobal
