
Microsoft Visual Studio Solution File, Format Version 12.00
# Visual Studio Version 16
VisualStudioVersion = 16.0.30413.136
MinimumVisualStudioVersion = 10.0.40219.1
Project("{FAE04EC0-301F-11D3-BF4B-00C04F79EFBC}") = "Goodwillie_PE6", "Goodwillie_PE6.csproj", "{992824A9-8EA5-4B6E-9A52-337C72E03245}"
EndProject
Global
	GlobalSection(SolutionConfigurationPlatforms) = preSolution
		Debug|Any CPU = Debug|Any CPU
		Release|Any CPU = Release|Any CPU
	EndGlobalSection
	GlobalSection(ProjectConfigurationPlatforms) = postSolution
		{992824A9-8EA5-4B6E-9A52-337C72E03245}.Debug|Any CPU.ActiveCfg = Debug|Any CPU
		{992824A9-8EA5-4B6E-9A52-337C72E03245}.Debug|Any CPU.Build.0 = Debug|Any CPU
		{992824A9-8EA5-4B6E-9A52-337C72E03245}.Release|Any CPU.ActiveCfg = Release|Any CPU
		{992824A9-8EA5-4B6E-9A52-337C72E03245}.Release|Any CPU.Build.0 = Release|Any CPU
	EndGlobalSection
	GlobalSection(SolutionProperties) = preSolution
		HideSolutionNode = FALSE
	EndGlobalSection
	GlobalSection(ExtensibilityGlobals) = postSolution
		SolutionGuid = {1273316C-6B9B-469A-98B1-6A2CA62B11BD}
	EndGlobalSection
EndGlobal
