
Microsoft Visual Studio Solution File, Format Version 12.00
# Visual Studio Version 16
VisualStudioVersion = 16.0.30413.136
MinimumVisualStudioVersion = 10.0.40219.1
Project("{FAE04EC0-301F-11D3-BF4B-00C04F79EFBC}") = "CourseLib", "CourseLib.csproj", "{55BABF97-82F6-436C-AD7F-F9468D8A334E}"
EndProject
Global
	GlobalSection(SolutionConfigurationPlatforms) = preSolution
		Debug|Any CPU = Debug|Any CPU
		Release|Any CPU = Release|Any CPU
	EndGlobalSection
	GlobalSection(ProjectConfigurationPlatforms) = postSolution
		{55BABF97-82F6-436C-AD7F-F9468D8A334E}.Debug|Any CPU.ActiveCfg = Debug|Any CPU
		{55BABF97-82F6-436C-AD7F-F9468D8A334E}.Debug|Any CPU.Build.0 = Debug|Any CPU
		{55BABF97-82F6-436C-AD7F-F9468D8A334E}.Release|Any CPU.ActiveCfg = Release|Any CPU
		{55BABF97-82F6-436C-AD7F-F9468D8A334E}.Release|Any CPU.Build.0 = Release|Any CPU
	EndGlobalSection
	GlobalSection(SolutionProperties) = preSolution
		HideSolutionNode = FALSE
	EndGlobalSection
	GlobalSection(ExtensibilityGlobals) = postSolution
		SolutionGuid = {1D969266-3724-4172-961A-7C76D9964AEC}
	EndGlobalSection
EndGlobal
